// !$*UTF8*$!
{
	archiveVersion = 1;
	classes = {
	};
	objectVersion = 46;
	objects = {

/* Begin PBXBuildFile section */
		C1BBA9DB19C986CA0004140C /* Foundation.framework in Frameworks */ = {isa = PBXBuildFile; fileRef = C1BBA9DA19C986CA0004140C /* Foundation.framework */; };
		C1BBA9DD19C986CA0004140C /* CoreGraphics.framework in Frameworks */ = {isa = PBXBuildFile; fileRef = C1BBA9DC19C986CA0004140C /* CoreGraphics.framework */; };
		C1BBA9DF19C986CA0004140C /* UIKit.framework in Frameworks */ = {isa = PBXBuildFile; fileRef = C1BBA9DE19C986CA0004140C /* UIKit.framework */; };
		C1BBA9E519C986CA0004140C /* InfoPlist.strings in Resources */ = {isa = PBXBuildFile; fileRef = C1BBA9E319C986CA0004140C /* InfoPlist.strings */; };
		C1BBA9E719C986CA0004140C /* main.m in Sources */ = {isa = PBXBuildFile; fileRef = C1BBA9E619C986CA0004140C /* main.m */; };
		C1BBA9EB19C986CA0004140C /* AppDelegate.m in Sources */ = {isa = PBXBuildFile; fileRef = C1BBA9EA19C986CA0004140C /* AppDelegate.m */; };
		C1BBA9EE19C986CA0004140C /* Main.storyboard in Resources */ = {isa = PBXBuildFile; fileRef = C1BBA9EC19C986CA0004140C /* Main.storyboard */; };
		C1BBA9F119C986CA0004140C /* ViewController.m in Sources */ = {isa = PBXBuildFile; fileRef = C1BBA9F019C986CA0004140C /* ViewController.m */; };
		C1BBA9F319C986CA0004140C /* Images.xcassets in Resources */ = {isa = PBXBuildFile; fileRef = C1BBA9F219C986CA0004140C /* Images.xcassets */; };
		C1BBA9FA19C986CA0004140C /* XCTest.framework in Frameworks */ = {isa = PBXBuildFile; fileRef = C1BBA9F919C986CA0004140C /* XCTest.framework */; };
		C1BBA9FB19C986CA0004140C /* Foundation.framework in Frameworks */ = {isa = PBXBuildFile; fileRef = C1BBA9DA19C986CA0004140C /* Foundation.framework */; };
		C1BBA9FC19C986CA0004140C /* UIKit.framework in Frameworks */ = {isa = PBXBuildFile; fileRef = C1BBA9DE19C986CA0004140C /* UIKit.framework */; };
		C1BBAA0419C986CA0004140C /* InfoPlist.strings in Resources */ = {isa = PBXBuildFile; fileRef = C1BBAA0219C986CA0004140C /* InfoPlist.strings */; };
		C1BBAA0619C986CA0004140C /* intelmapTests.m in Sources */ = {isa = PBXBuildFile; fileRef = C1BBAA0519C986CA0004140C /* intelmapTests.m */; };
/* End PBXBuildFile section */

/* Begin PBXContainerItemProxy section */
		C1BBA9FD19C986CA0004140C /* PBXContainerItemProxy */ = {
			isa = PBXContainerItemProxy;
			containerPortal = C1BBA9CF19C986CA0004140C /* Project object */;
			proxyType = 1;
			remoteGlobalIDString = C1BBA9D619C986CA0004140C;
			remoteInfo = intelmap;
		};
/* End PBXContainerItemProxy section */

/* Begin PBXFileReference section */
		C1BBA9D719C986CA0004140C /* intelmap.app */ = {isa = PBXFileReference; explicitFileType = wrapper.application; includeInIndex = 0; path = intelmap.app; sourceTree = BUILT_PRODUCTS_DIR; };
		C1BBA9DA19C986CA0004140C /* Foundation.framework */ = {isa = PBXFileReference; lastKnownFileType = wrapper.framework; name = Foundation.framework; path = System/Library/Frameworks/Foundation.framework; sourceTree = SDKROOT; };
		C1BBA9DC19C986CA0004140C /* CoreGraphics.framework */ = {isa = PBXFileReference; lastKnownFileType = wrapper.framework; name = CoreGraphics.framework; path = System/Library/Frameworks/CoreGraphics.framework; sourceTree = SDKROOT; };
		C1BBA9DE19C986CA0004140C /* UIKit.framework */ = {isa = PBXFileReference; lastKnownFileType = wrapper.framework; name = UIKit.framework; path = System/Library/Frameworks/UIKit.framework; sourceTree = SDKROOT; };
		C1BBA9E219C986CA0004140C /* intelmap-Info.plist */ = {isa = PBXFileReference; lastKnownFileType = text.plist.xml; path = "intelmap-Info.plist"; sourceTree = "<group>"; };
		C1BBA9E419C986CA0004140C /* en */ = {isa = PBXFileReference; lastKnownFileType = text.plist.strings; name = en; path = en.lproj/InfoPlist.strings; sourceTree = "<group>"; };
		C1BBA9E619C986CA0004140C /* main.m */ = {isa = PBXFileReference; lastKnownFileType = sourcecode.c.objc; path = main.m; sourceTree = "<group>"; };
		C1BBA9E819C986CA0004140C /* intelmap-Prefix.pch */ = {isa = PBXFileReference; lastKnownFileType = sourcecode.c.h; path = "intelmap-Prefix.pch"; sourceTree = "<group>"; };
		C1BBA9E919C986CA0004140C /* AppDelegate.h */ = {isa = PBXFileReference; lastKnownFileType = sourcecode.c.h; path = AppDelegate.h; sourceTree = "<group>"; };
		C1BBA9EA19C986CA0004140C /* AppDelegate.m */ = {isa = PBXFileReference; lastKnownFileType = sourcecode.c.objc; path = AppDelegate.m; sourceTree = "<group>"; };
		C1BBA9ED19C986CA0004140C /* Base */ = {isa = PBXFileReference; lastKnownFileType = file.storyboard; name = Base; path = Base.lproj/Main.storyboard; sourceTree = "<group>"; };
		C1BBA9EF19C986CA0004140C /* ViewController.h */ = {isa = PBXFileReference; lastKnownFileType = sourcecode.c.h; path = ViewController.h; sourceTree = "<group>"; };
		C1BBA9F019C986CA0004140C /* ViewController.m */ = {isa = PBXFileReference; lastKnownFileType = sourcecode.c.objc; path = ViewController.m; sourceTree = "<group>"; };
		C1BBA9F219C986CA0004140C /* Images.xcassets */ = {isa = PBXFileReference; lastKnownFileType = folder.assetcatalog; path = Images.xcassets; sourceTree = "<group>"; };
		C1BBA9F819C986CA0004140C /* intelmapTests.xctest */ = {isa = PBXFileReference; explicitFileType = wrapper.cfbundle; includeInIndex = 0; path = intelmapTests.xctest; sourceTree = BUILT_PRODUCTS_DIR; };
		C1BBA9F919C986CA0004140C /* XCTest.framework */ = {isa = PBXFileReference; lastKnownFileType = wrapper.framework; name = XCTest.framework; path = Library/Frameworks/XCTest.framework; sourceTree = DEVELOPER_DIR; };
		C1BBAA0119C986CA0004140C /* intelmapTests-Info.plist */ = {isa = PBXFileReference; lastKnownFileType = text.plist.xml; path = "intelmapTests-Info.plist"; sourceTree = "<group>"; };
		C1BBAA0319C986CA0004140C /* en */ = {isa = PBXFileReference; lastKnownFileType = text.plist.strings; name = en; path = en.lproj/InfoPlist.strings; sourceTree = "<group>"; };
		C1BBAA0519C986CA0004140C /* intelmapTests.m */ = {isa = PBXFileReference; lastKnownFileType = sourcecode.c.objc; path = intelmapTests.m; sourceTree = "<group>"; };
/* End PBXFileReference section */

/* Begin PBXFrameworksBuildPhase section */
		C1BBA9D419C986CA0004140C /* Frameworks */ = {
			isa = PBXFrameworksBuildPhase;
			buildActionMask = 2147483647;
			files = (
				C1BBA9DD19C986CA0004140C /* CoreGraphics.framework in Frameworks */,
				C1BBA9DF19C986CA0004140C /* UIKit.framework in Frameworks */,
				C1BBA9DB19C986CA0004140C /* Foundation.framework in Frameworks */,
			);
			runOnlyForDeploymentPostprocessing = 0;
		};
		C1BBA9F519C986CA0004140C /* Frameworks */ = {
			isa = PBXFrameworksBuildPhase;
			buildActionMask = 2147483647;
			files = (
				C1BBA9FA19C986CA0004140C /* XCTest.framework in Frameworks */,
				C1BBA9FC19C986CA0004140C /* UIKit.framework in Frameworks */,
				C1BBA9FB19C986CA0004140C /* Foundation.framework in Frameworks */,
			);
			runOnlyForDeploymentPostprocessing = 0;
		};
/* End PBXFrameworksBuildPhase section */

/* Begin PBXGroup section */
		C1BBA9CE19C986CA0004140C = {
			isa = PBXGroup;
			children = (
				C1BBA9E019C986CA0004140C /* intelmap */,
				C1BBA9FF19C986CA0004140C /* intelmapTests */,
				C1BBA9D919C986CA0004140C /* Frameworks */,
				C1BBA9D819C986CA0004140C /* Products */,
			);
			sourceTree = "<group>";
		};
		C1BBA9D819C986CA0004140C /* Products */ = {
			isa = PBXGroup;
			children = (
				C1BBA9D719C986CA0004140C /* intelmap.app */,
				C1BBA9F819C986CA0004140C /* intelmapTests.xctest */,
			);
			name = Products;
			sourceTree = "<group>";
		};
		C1BBA9D919C986CA0004140C /* Frameworks */ = {
			isa = PBXGroup;
			children = (
				C1BBA9DA19C986CA0004140C /* Foundation.framework */,
				C1BBA9DC19C986CA0004140C /* CoreGraphics.framework */,
				C1BBA9DE19C986CA0004140C /* UIKit.framework */,
				C1BBA9F919C986CA0004140C /* XCTest.framework */,
			);
			name = Frameworks;
			sourceTree = "<group>";
		};
		C1BBA9E019C986CA0004140C /* intelmap */ = {
			isa = PBXGroup;
			children = (
				C1BBA9E919C986CA0004140C /* AppDelegate.h */,
				C1BBA9EA19C986CA0004140C /* AppDelegate.m */,
				C1BBA9EC19C986CA0004140C /* Main.storyboard */,
				C1BBA9EF19C986CA0004140C /* ViewController.h */,
				C1BBA9F019C986CA0004140C /* ViewController.m */,
				C1BBA9F219C986CA0004140C /* Images.xcassets */,
				C1BBA9E119C986CA0004140C /* Supporting Files */,
			);
			path = intelmap;
			sourceTree = "<group>";
		};
		C1BBA9E119C986CA0004140C /* Supporting Files */ = {
			isa = PBXGroup;
			children = (
				C1BBA9E219C986CA0004140C /* intelmap-Info.plist */,
				C1BBA9E319C986CA0004140C /* InfoPlist.strings */,
				C1BBA9E619C986CA0004140C /* main.m */,
				C1BBA9E819C986CA0004140C /* intelmap-Prefix.pch */,
			);
			name = "Supporting Files";
			sourceTree = "<group>";
		};
		C1BBA9FF19C986CA0004140C /* intelmapTests */ = {
			isa = PBXGroup;
			children = (
				C1BBAA0519C986CA0004140C /* intelmapTests.m */,
				C1BBAA0019C986CA0004140C /* Supporting Files */,
			);
			path = intelmapTests;
			sourceTree = "<group>";
		};
		C1BBAA0019C986CA0004140C /* Supporting Files */ = {
			isa = PBXGroup;
			children = (
				C1BBAA0119C986CA0004140C /* intelmapTests-Info.plist */,
				C1BBAA0219C986CA0004140C /* InfoPlist.strings */,
			);
			name = "Supporting Files";
			sourceTree = "<group>";
		};
/* End PBXGroup section */

/* Begin PBXNativeTarget section */
		C1BBA9D619C986CA0004140C /* intelmap */ = {
			isa = PBXNativeTarget;
			buildConfigurationList = C1BBAA0919C986CA0004140C /* Build configuration list for PBXNativeTarget "intelmap" */;
			buildPhases = (
				C1BBA9D319C986CA0004140C /* Sources */,
				C1BBA9D419C986CA0004140C /* Frameworks */,
				C1BBA9D519C986CA0004140C /* Resources */,
			);
			buildRules = (
			);
			dependencies = (
			);
			name = intelmap;
			productName = intelmap;
			productReference = C1BBA9D719C986CA0004140C /* intelmap.app */;
			productType = "com.apple.product-type.application";
		};
		C1BBA9F719C986CA0004140C /* intelmapTests */ = {
			isa = PBXNativeTarget;
			buildConfigurationList = C1BBAA0C19C986CA0004140C /* Build configuration list for PBXNativeTarget "intelmapTests" */;
			buildPhases = (
				C1BBA9F419C986CA0004140C /* Sources */,
				C1BBA9F519C986CA0004140C /* Frameworks */,
				C1BBA9F619C986CA0004140C /* Resources */,
			);
			buildRules = (
			);
			dependencies = (
				C1BBA9FE19C986CA0004140C /* PBXTargetDependency */,
			);
			name = intelmapTests;
			productName = intelmapTests;
			productReference = C1BBA9F819C986CA0004140C /* intelmapTests.xctest */;
			productType = "com.apple.product-type.bundle.unit-test";
		};
/* End PBXNativeTarget section */

/* Begin PBXProject section */
		C1BBA9CF19C986CA0004140C /* Project object */ = {
			isa = PBXProject;
			attributes = {
				LastUpgradeCheck = 0510;
				ORGANIZATIONNAME = "Masataka Okihara";
				TargetAttributes = {
					C1BBA9F719C986CA0004140C = {
						TestTargetID = C1BBA9D619C986CA0004140C;
					};
				};
			};
			buildConfigurationList = C1BBA9D219C986CA0004140C /* Build configuration list for PBXProject "intelmap" */;
			compatibilityVersion = "Xcode 3.2";
			developmentRegion = English;
			hasScannedForEncodings = 0;
			knownRegions = (
				en,
				Base,
			);
			mainGroup = C1BBA9CE19C986CA0004140C;
			productRefGroup = C1BBA9D819C986CA0004140C /* Products */;
			projectDirPath = "";
			projectRoot = "";
			targets = (
				C1BBA9D619C986CA0004140C /* intelmap */,
				C1BBA9F719C986CA0004140C /* intelmapTests */,
			);
		};
/* End PBXProject section */

/* Begin PBXResourcesBuildPhase section */
		C1BBA9D519C986CA0004140C /* Resources */ = {
			isa = PBXResourcesBuildPhase;
			buildActionMask = 2147483647;
			files = (
				C1BBA9F319C986CA0004140C /* Images.xcassets in Resources */,
				C1BBA9E519C986CA0004140C /* InfoPlist.strings in Resources */,
				C1BBA9EE19C986CA0004140C /* Main.storyboard in Resources */,
			);
			runOnlyForDeploymentPostprocessing = 0;
		};
		C1BBA9F619C986CA0004140C /* Resources */ = {
			isa = PBXResourcesBuildPhase;
			buildActionMask = 2147483647;
			files = (
				C1BBAA0419C986CA0004140C /* InfoPlist.strings in Resources */,
			);
			runOnlyForDeploymentPostprocessing = 0;
		};
/* End PBXResourcesBuildPhase section */

/* Begin PBXSourcesBuildPhase section */
		C1BBA9D319C986CA0004140C /* Sources */ = {
			isa = PBXSourcesBuildPhase;
			buildActionMask = 2147483647;
			files = (
				C1BBA9F119C986CA0004140C /* ViewController.m in Sources */,
				C1BBA9EB19C986CA0004140C /* AppDelegate.m in Sources */,
				C1BBA9E719C986CA0004140C /* main.m in Sources */,
			);
			runOnlyForDeploymentPostprocessing = 0;
		};
		C1BBA9F419C986CA0004140C /* Sources */ = {
			isa = PBXSourcesBuildPhase;
			buildActionMask = 2147483647;
			files = (
				C1BBAA0619C986CA0004140C /* intelmapTests.m in Sources */,
			);
			runOnlyForDeploymentPostprocessing = 0;
		};
/* End PBXSourcesBuildPhase section */

/* Begin PBXTargetDependency section */
		C1BBA9FE19C986CA0004140C /* PBXTargetDependency */ = {
			isa = PBXTargetDependency;
			target = C1BBA9D619C986CA0004140C /* intelmap */;
			targetProxy = C1BBA9FD19C986CA0004140C /* PBXContainerItemProxy */;
		};
/* End PBXTargetDependency section */

/* Begin PBXVariantGroup section */
		C1BBA9E319C986CA0004140C /* InfoPlist.strings */ = {
			isa = PBXVariantGroup;
			children = (
				C1BBA9E419C986CA0004140C /* en */,
			);
			name = InfoPlist.strings;
			sourceTree = "<group>";
		};
		C1BBA9EC19C986CA0004140C /* Main.storyboard */ = {
			isa = PBXVariantGroup;
			children = (
				C1BBA9ED19C986CA0004140C /* Base */,
			);
			name = Main.storyboard;
			sourceTree = "<group>";
		};
		C1BBAA0219C986CA0004140C /* InfoPlist.strings */ = {
			isa = PBXVariantGroup;
			children = (
				C1BBAA0319C986CA0004140C /* en */,
			);
			name = InfoPlist.strings;
			sourceTree = "<group>";
		};
/* End PBXVariantGroup section */

/* Begin XCBuildConfiguration section */
		C1BBAA0719C986CA0004140C /* Debug */ = {
			isa = XCBuildConfiguration;
			buildSettings = {
				ALWAYS_SEARCH_USER_PATHS = NO;
				CLANG_CXX_LANGUAGE_STANDARD = "gnu++0x";
				CLANG_CXX_LIBRARY = "libc++";
				CLANG_ENABLE_MODULES = YES;
				CLANG_ENABLE_OBJC_ARC = YES;
				CLANG_WARN_BOOL_CONVERSION = YES;
				CLANG_WARN_CONSTANT_CONVERSION = YES;
				CLANG_WARN_DIRECT_OBJC_ISA_USAGE = YES_ERROR;
				CLANG_WARN_EMPTY_BODY = YES;
				CLANG_WARN_ENUM_CONVERSION = YES;
				CLANG_WARN_INT_CONVERSION = YES;
				CLANG_WARN_OBJC_ROOT_CLASS = YES_ERROR;
				CLANG_WARN__DUPLICATE_METHOD_MATCH = YES;
				"CODE_SIGN_IDENTITY[sdk=iphoneos*]" = "iPhone Developer";
				COPY_PHASE_STRIP = NO;
				GCC_C_LANGUAGE_STANDARD = gnu99;
				GCC_DYNAMIC_NO_PIC = NO;
				GCC_OPTIMIZATION_LEVEL = 0;
				GCC_PREPROCESSOR_DEFINITIONS = (
					"DEBUG=1",
					"$(inherited)",
				);
				GCC_SYMBOLS_PRIVATE_EXTERN = NO;
				GCC_WARN_64_TO_32_BIT_CONVERSION = YES;
				GCC_WARN_ABOUT_RETURN_TYPE = YES_ERROR;
				GCC_WARN_UNDECLARED_SELECTOR = YES;
				GCC_WARN_UNINITIALIZED_AUTOS = YES_AGGRESSIVE;
				GCC_WARN_UNUSED_FUNCTION = YES;
				GCC_WARN_UNUSED_VARIABLE = YES;
				IPHONEOS_DEPLOYMENT_TARGET = 7.1;
				ONLY_ACTIVE_ARCH = YES;
				SDKROOT = iphoneos;
			};
			name = Debug;
		};
		C1BBAA0819C986CA0004140C /* Release */ = {
			isa = XCBuildConfiguration;
			buildSettings = {
				ALWAYS_SEARCH_USER_PATHS = NO;
				CLANG_CXX_LANGUAGE_STANDARD = "gnu++0x";
				CLANG_CXX_LIBRARY = "libc++";
				CLANG_ENABLE_MODULES = YES;
				CLANG_ENABLE_OBJC_ARC = YES;
				CLANG_WARN_BOOL_CONVERSION = YES;
				CLANG_WARN_CONSTANT_CONVERSION = YES;
				CLANG_WARN_DIRECT_OBJC_ISA_USAGE = YES_ERROR;
				CLANG_WARN_EMPTY_BODY = YES;
				CLANG_WARN_ENUM_CONVERSION = YES;
				CLANG_WARN_INT_CONVERSION = YES;
				CLANG_WARN_OBJC_ROOT_CLASS = YES_ERROR;
				CLANG_WARN__DUPLICATE_METHOD_MATCH = YES;
				"CODE_SIGN_IDENTITY[sdk=iphoneos*]" = "iPhone Developer";
				COPY_PHASE_STRIP = YES;
				ENABLE_NS_ASSERTIONS = NO;
				GCC_C_LANGUAGE_STANDARD = gnu99;
				GCC_WARN_64_TO_32_BIT_CONVERSION = YES;
				GCC_WARN_ABOUT_RETURN_TYPE = YES_ERROR;
				GCC_WARN_UNDECLARED_SELECTOR = YES;
				GCC_WARN_UNINITIALIZED_AUTOS = YES_AGGRESSIVE;
				GCC_WARN_UNUSED_FUNCTION = YES;
				GCC_WARN_UNUSED_VARIABLE = YES;
				IPHONEOS_DEPLOYMENT_TARGET = 7.1;
				SDKROOT = iphoneos;
				VALIDATE_PRODUCT = YES;
			};
			name = Release;
		};
		C1BBAA0A19C986CA0004140C /* Debug */ = {
			isa = XCBuildConfiguration;
			buildSettings = {
				ASSETCATALOG_COMPILER_APPICON_NAME = AppIcon;
				ASSETCATALOG_COMPILER_LAUNCHIMAGE_NAME = LaunchImage;
				GCC_PRECOMPILE_PREFIX_HEADER = YES;
				GCC_PREFIX_HEADER = "intelmap/intelmap-Prefix.pch";
				INFOPLIST_FILE = "intelmap/intelmap-Info.plist";
				PRODUCT_NAME = "$(TARGET_NAME)";
				WRAPPER_EXTENSION = app;
			};
			name = Debug;
		};
		C1BBAA0B19C986CA0004140C /* Release */ = {
			isa = XCBuildConfiguration;
			buildSettings = {
				ASSETCATALOG_COMPILER_APPICON_NAME = AppIcon;
				ASSETCATALOG_COMPILER_LAUNCHIMAGE_NAME = LaunchImage;
				GCC_PRECOMPILE_PREFIX_HEADER = YES;
				GCC_PREFIX_HEADER = "intelmap/intelmap-Prefix.pch";
				INFOPLIST_FILE = "intelmap/intelmap-Info.plist";
				PRODUCT_NAME = "$(TARGET_NAME)";
				WRAPPER_EXTENSION = app;
			};
			name = Release;
		};
		C1BBAA0D19C986CA0004140C /* Debug */ = {
			isa = XCBuildConfiguration;
			buildSettings = {
				BUNDLE_LOADER = "$(BUILT_PRODUCTS_DIR)/intelmap.app/intelmap";
				FRAMEWORK_SEARCH_PATHS = (
					"$(SDKROOT)/Developer/Library/Frameworks",
					"$(inherited)",
					"$(DEVELOPER_FRAMEWORKS_DIR)",
				);
				GCC_PRECOMPILE_PREFIX_HEADER = YES;
				GCC_PREFIX_HEADER = "intelmap/intelmap-Prefix.pch";
				GCC_PREPROCESSOR_DEFINITIONS = (
					"DEBUG=1",
					"$(inherited)",
				);
				INFOPLIST_FILE = "intelmapTests/intelmapTests-Info.plist";
				PRODUCT_NAME = "$(TARGET_NAME)";
				TEST_HOST = "$(BUNDLE_LOADER)";
				WRAPPER_EXTENSION = xctest;
			};
			name = Debug;
		};
		C1BBAA0E19C986CA0004140C /* Release */ = {
			isa = XCBuildConfiguration;
			buildSettings = {
				BUNDLE_LOADER = "$(BUILT_PRODUCTS_DIR)/intelmap.app/intelmap";
				FRAMEWORK_SEARCH_PATHS = (
					"$(SDKROOT)/Developer/Library/Frameworks",
					"$(inherited)",
					"$(DEVELOPER_FRAMEWORKS_DIR)",
				);
				GCC_PRECOMPILE_PREFIX_HEADER = YES;
				GCC_PREFIX_HEADER = "intelmap/intelmap-Prefix.pch";
				INFOPLIST_FILE = "intelmapTests/intelmapTests-Info.plist";
				PRODUCT_NAME = "$(TARGET_NAME)";
				TEST_HOST = "$(BUNDLE_LOADER)";
				WRAPPER_EXTENSION = xctest;
			};
			name = Release;
		};
/* End XCBuildConfiguration section */

/* Begin XCConfigurationList section */
		C1BBA9D219C986CA0004140C /* Build configuration list for PBXProject "intelmap" */ = {
			isa = XCConfigurationList;
			buildConfigurations = (
				C1BBAA0719C986CA0004140C /* Debug */,
				C1BBAA0819C986CA0004140C /* Release */,
			);
			defaultConfigurationIsVisible = 0;
			defaultConfigurationName = Release;
		};
		C1BBAA0919C986CA0004140C /* Build configuration list for PBXNativeTarget "intelmap" */ = {
			isa = XCConfigurationList;
			buildConfigurations = (
				C1BBAA0A19C986CA0004140C /* Debug */,
				C1BBAA0B19C986CA0004140C /* Release */,
			);
			defaultConfigurationIsVisible = 0;
		};
		C1BBAA0C19C986CA0004140C /* Build configuration list for PBXNativeTarget "intelmapTests" */ = {
			isa = XCConfigurationList;
			buildConfigurations = (
				C1BBAA0D19C986CA0004140C /* Debug */,
				C1BBAA0E19C986CA0004140C /* Release */,
			);
			defaultConfigurationIsVisible = 0;
		};
/* End XCConfigurationList section */
	};
	rootObject = C1BBA9CF19C986CA0004140C /* Project object */;
}
